{
  "originHash" : "7434a5f828c0e33377601aeb2cb50cecb0177648ed999c3c2ce8fdd543f97129",
  "pins" : [
    {
      "identity" : "bedrock",
      "kind" : "remoteSourceControl",
      "location" : "https://github.com/rsarv3006/bedrock",
      "state" : {
        "revision" : "4da7bd67f51f3fb6f5126e7e4041024e2d48d560",
        "version" : "1.0.4"
      }
    }
  ],
  "version" : 3
}
